// !$*UTF8*$!
{
	archiveVersion = 1;
	classes = {
	};
	objectVersion = 46;
	objects = {

/* Begin PBXBuildFile section */
		A3651B671EEE8C5600A71336 /* AppDelegate.swift in Sources */ = {isa = PBXBuildFile; fileRef = A3651B661EEE8C5600A71336 /* AppDelegate.swift */; };
		A3651B691EEE8C5600A71336 /* ViewController.swift in Sources */ = {isa = PBXBuildFile; fileRef = A3651B681EEE8C5600A71336 /* ViewController.swift */; };
		A3651B6C1EEE8C5600A71336 /* Main.storyboard in Resources */ = {isa = PBXBuildFile; fileRef = A3651B6A1EEE8C5600A71336 /* Main.storyboard */; };
		A3651B6E1EEE8C5600A71336 /* Assets.xcassets in Resources */ = {isa = PBXBuildFile; fileRef = A3651B6D1EEE8C5600A71336 /* Assets.xcassets */; };
		A3651B711EEE8C5600A71336 /* LaunchScreen.storyboard in Resources */ = {isa = PBXBuildFile; fileRef = A3651B6F1EEE8C5600A71336 /* LaunchScreen.storyboard */; };
/* End PBXBuildFile section */

/* Begin PBXFileReference section */
		A3651B631EEE8C5600A71336 /* HJPageView.app */ = {isa = PBXFileReference; explicitFileType = wrapper.application; includeInIndex = 0; path = HJPageView.app; sourceTree = BUILT_PRODUCTS_DIR; };
		A3651B661EEE8C5600A71336 /* AppDelegate.swift */ = {isa = PBXFileReference; lastKnownFileType = sourcecode.swift; path = AppDelegate.swift; sourceTree = "<group>"; };
		A3651B681EEE8C5600A71336 /* ViewController.swift */ = {isa = PBXFileReference; lastKnownFileType = sourcecode.swift; path = ViewController.swift; sourceTree = "<group>"; };
		A3651B6B1EEE8C5600A71336 /* Base */ = {isa = PBXFileReference; lastKnownFileType = file.storyboard; name = Base; path = Base.lproj/Main.storyboard; sourceTree = "<group>"; };
		A3651B6D1EEE8C5600A71336 /* Assets.xcassets */ = {isa = PBXFileReference; lastKnownFileType = folder.assetcatalog; path = Assets.xcassets; sourceTree = "<group>"; };
		A3651B701EEE8C5600A71336 /* Base */ = {isa = PBXFileReference; lastKnownFileType = file.storyboard; name = Base; path = Base.lproj/LaunchScreen.storyboard; sourceTree = "<group>"; };
		A3651B721EEE8C5600A71336 /* Info.plist */ = {isa = PBXFileReference; lastKnownFileType = text.plist.xml; path = Info.plist; sourceTree = "<group>"; };
/* End PBXFileReference section */

/* Begin PBXFrameworksBuildPhase section */
		A3651B601EEE8C5600A71336 /* Frameworks */ = {
			isa = PBXFrameworksBuildPhase;
			buildActionMask = 2147483647;
			files = (
			);
			runOnlyForDeploymentPostprocessing = 0;
		};
/* End PBXFrameworksBuildPhase section */

/* Begin PBXGroup section */
		A3651B5A1EEE8C5600A71336 = {
			isa = PBXGroup;
			children = (
				A3651B651EEE8C5600A71336 /* HJPageView */,
				A3651B641EEE8C5600A71336 /* Products */,
			);
			sourceTree = "<group>";
		};
		A3651B641EEE8C5600A71336 /* Products */ = {
			isa = PBXGroup;
			children = (
				A3651B631EEE8C5600A71336 /* HJPageView.app */,
			);
			name = Products;
			sourceTree = "<group>";
		};
		A3651B651EEE8C5600A71336 /* HJPageView */ = {
			isa = PBXGroup;
			children = (
				A3651B661EEE8C5600A71336 /* AppDelegate.swift */,
				A3651B681EEE8C5600A71336 /* ViewController.swift */,
				A3651B6A1EEE8C5600A71336 /* Main.storyboard */,
				A3651B6D1EEE8C5600A71336 /* Assets.xcassets */,
				A3651B6F1EEE8C5600A71336 /* LaunchScreen.storyboard */,
				A3651B721EEE8C5600A71336 /* Info.plist */,
			);
			path = HJPageView;
			sourceTree = "<group>";
		};
/* End PBXGroup section */

/* Begin PBXNativeTarget section */
		A3651B621EEE8C5600A71336 /* HJPageView */ = {
			isa = PBXNativeTarget;
			buildConfigurationList = A3651B751EEE8C5600A71336 /* Build configuration list for PBXNativeTarget "HJPageView" */;
			buildPhases = (
				A3651B5F1EEE8C5600A71336 /* Sources */,
				A3651B601EEE8C5600A71336 /* Frameworks */,
				A3651B611EEE8C5600A71336 /* Resources */,
			);
			buildRules = (
			);
			dependencies = (
			);
			name = HJPageView;
			productName = HJPageView;
			productReference = A3651B631EEE8C5600A71336 /* HJPageView.app */;
			productType = "com.apple.product-type.application";
		};
/* End PBXNativeTarget section */

/* Begin PBXProject section */
		A3651B5B1EEE8C5600A71336 /* Project object */ = {
			isa = PBXProject;
			attributes = {
				LastSwiftUpdateCheck = 0820;
				LastUpgradeCheck = 0820;
				ORGANIZATIONNAME = Prince;
				TargetAttributes = {
					A3651B621EEE8C5600A71336 = {
						CreatedOnToolsVersion = 8.2.1;
						ProvisioningStyle = Automatic;
					};
				};
			};
			buildConfigurationList = A3651B5E1EEE8C5600A71336 /* Build configuration list for PBXProject "HJPageView" */;
			compatibilityVersion = "Xcode 3.2";
			developmentRegion = English;
			hasScannedForEncodings = 0;
			knownRegions = (
				en,
				Base,
			);
			mainGroup = A3651B5A1EEE8C5600A71336;
			productRefGroup = A3651B641EEE8C5600A71336 /* Products */;
			projectDirPath = "";
			projectRoot = "";
			targets = (
				A3651B621EEE8C5600A71336 /* HJPageView */,
			);
		};
/* End PBXProject section */

/* Begin PBXResourcesBuildPhase section */
		A3651B611EEE8C5600A71336 /* Resources */ = {
			isa = PBXResourcesBuildPhase;
			buildActionMask = 2147483647;
			files = (
				A3651B711EEE8C5600A71336 /* LaunchScreen.storyboard in Resources */,
				A3651B6E1EEE8C5600A71336 /* Assets.xcassets in Resources */,
				A3651B6C1EEE8C5600A71336 /* Main.storyboard in Resources */,
			);
			runOnlyForDeploymentPostprocessing = 0;
		};
/* End PBXResourcesBuildPhase section */

/* Begin PBXSourcesBuildPhase section */
		A3651B5F1EEE8C5600A71336 /* Sources */ = {
			isa = PBXSourcesBuildPhase;
			buildActionMask = 2147483647;
			files = (
				A3651B691EEE8C5600A71336 /* ViewController.swift in Sources */,
				A3651B671EEE8C5600A71336 /* AppDelegate.swift in Sources */,
			);
			runOnlyForDeploymentPostprocessing = 0;
		};
/* End PBXSourcesBuildPhase section */

/* Begin PBXVariantGroup section */
		A3651B6A1EEE8C5600A71336 /* Main.storyboard */ = {
			isa = PBXVariantGroup;
			children = (
				A3651B6B1EEE8C5600A71336 /* Base */,
			);
			name = Main.storyboard;
			sourceTree = "<group>";
		};
		A3651B6F1EEE8C5600A71336 /* LaunchScreen.storyboard */ = {
			isa = PBXVariantGroup;
			children = (
				A3651B701EEE8C5600A71336 /* Base */,
			);
			name = LaunchScreen.storyboard;
			sourceTree = "<group>";
		};
/* End PBXVariantGroup section */

/* Begin XCBuildConfiguration section */
		A3651B731EEE8C5600A71336 /* Debug */ = {
			isa = XCBuildConfiguration;
			buildSettings = {
				ALWAYS_SEARCH_USER_PATHS = NO;
				CLANG_ANALYZER_NONNULL = YES;
				CLANG_CXX_LANGUAGE_STANDARD = "gnu++0x";
				CLANG_CXX_LIBRARY = "libc++";
				CLANG_ENABLE_MODULES = YES;
				CLANG_ENABLE_OBJC_ARC = YES;
				CLANG_WARN_BOOL_CONVERSION = YES;
				CLANG_WARN_CONSTANT_CONVERSION = YES;
				CLANG_WARN_DIRECT_OBJC_ISA_USAGE = YES_ERROR;
				CLANG_WARN_DOCUMENTATION_COMMENTS = YES;
				CLANG_WARN_EMPTY_BODY = YES;
				CLANG_WARN_ENUM_CONVERSION = YES;
				CLANG_WARN_INFINITE_RECURSION = YES;
				CLANG_WARN_INT_CONVERSION = YES;
				CLANG_WARN_OBJC_ROOT_CLASS = YES_ERROR;
				CLANG_WARN_SUSPICIOUS_MOVE = YES;
				CLANG_WARN_UNREACHABLE_CODE = YES;
				CLANG_WARN__DUPLICATE_METHOD_MATCH = YES;
				"CODE_SIGN_IDENTITY[sdk=iphoneos*]" = "iPhone Developer";
				COPY_PHASE_STRIP = NO;
				DEBUG_INFORMATION_FORMAT = dwarf;
				ENABLE_STRICT_OBJC_MSGSEND = YES;
				ENABLE_TESTABILITY = YES;
				GCC_C_LANGUAGE_STANDARD = gnu99;
				GCC_DYNAMIC_NO_PIC = NO;
				GCC_NO_COMMON_BLOCKS = YES;
				GCC_OPTIMIZATION_LEVEL = 0;
				GCC_PREPROCESSOR_DEFINITIONS = (
					"DEBUG=1",
					"$(inherited)",
				);
				GCC_WARN_64_TO_32_BIT_CONVERSION = YES;
				GCC_WARN_ABOUT_RETURN_TYPE = YES_ERROR;
				GCC_WARN_UNDECLARED_SELECTOR = YES;
				GCC_WARN_UNINITIALIZED_AUTOS = YES_AGGRESSIVE;
				GCC_WARN_UNUSED_FUNCTION = YES;
				GCC_WARN_UNUSED_VARIABLE = YES;
				IPHONEOS_DEPLOYMENT_TARGET = 10.2;
				MTL_ENABLE_DEBUG_INFO = YES;
				ONLY_ACTIVE_ARCH = YES;
				SDKROOT = iphoneos;
				SWIFT_ACTIVE_COMPILATION_CONDITIONS = DEBUG;
				SWIFT_OPTIMIZATION_LEVEL = "-Onone";
			};
			name = Debug;
		};
		A3651B741EEE8C5600A71336 /* Release */ = {
			isa = XCBuildConfiguration;
			buildSettings = {
				ALWAYS_SEARCH_USER_PATHS = NO;
				CLANG_ANALYZER_NONNULL = YES;
				CLANG_CXX_LANGUAGE_STANDARD = "gnu++0x";
				CLANG_CXX_LIBRARY = "libc++";
				CLANG_ENABLE_MODULES = YES;
				CLANG_ENABLE_OBJC_ARC = YES;
				CLANG_WARN_BOOL_CONVERSION = YES;
				CLANG_WARN_CONSTANT_CONVERSION = YES;
				CLANG_WARN_DIRECT_OBJC_ISA_USAGE = YES_ERROR;
				CLANG_WARN_DOCUMENTATION_COMMENTS = YES;
				CLANG_WARN_EMPTY_BODY = YES;
				CLANG_WARN_ENUM_CONVERSION = YES;
				CLANG_WARN_INFINITE_RECURSION = YES;
				CLANG_WARN_INT_CONVERSION = YES;
				CLANG_WARN_OBJC_ROOT_CLASS = YES_ERROR;
				CLANG_WARN_SUSPICIOUS_MOVE = YES;
				CLANG_WARN_UNREACHABLE_CODE = YES;
				CLANG_WARN__DUPLICATE_METHOD_MATCH = YES;
				"CODE_SIGN_IDENTITY[sdk=iphoneos*]" = "iPhone Developer";
				COPY_PHASE_STRIP = NO;
				DEBUG_INFORMATION_FORMAT = "dwarf-with-dsym";
				ENABLE_NS_ASSERTIONS = NO;
				ENABLE_STRICT_OBJC_MSGSEND = YES;
				GCC_C_LANGUAGE_STANDARD = gnu99;
				GCC_NO_COMMON_BLOCKS = YES;
				GCC_WARN_64_TO_32_BIT_CONVERSION = YES;
				GCC_WARN_ABOUT_RETURN_TYPE = YES_ERROR;
				GCC_WARN_UNDECLARED_SELECTOR = YES;
				GCC_WARN_UNINITIALIZED_AUTOS = YES_AGGRESSIVE;
				GCC_WARN_UNUSED_FUNCTION = YES;
				GCC_WARN_UNUSED_VARIABLE = YES;
				IPHONEOS_DEPLOYMENT_TARGET = 10.2;
				MTL_ENABLE_DEBUG_INFO = NO;
				SDKROOT = iphoneos;
				SWIFT_OPTIMIZATION_LEVEL = "-Owholemodule";
				VALIDATE_PRODUCT = YES;
			};
			name = Release;
		};
		A3651B761EEE8C5600A71336 /* Debug */ = {
			isa = XCBuildConfiguration;
			buildSettings = {
				ASSETCATALOG_COMPILER_APPICON_NAME = AppIcon;
				INFOPLIST_FILE = HJPageView/Info.plist;
				LD_RUNPATH_SEARCH_PATHS = "$(inherited) @executable_path/Frameworks";
				PRODUCT_BUNDLE_IDENTIFIER = Tima.HJPageView;
				PRODUCT_NAME = "$(TARGET_NAME)";
				SWIFT_VERSION = 3.0;
			};
			name = Debug;
		};
		A3651B771EEE8C5600A71336 /* Release */ = {
			isa = XCBuildConfiguration;
			buildSettings = {
				ASSETCATALOG_COMPILER_APPICON_NAME = AppIcon;
				INFOPLIST_FILE = HJPageView/Info.plist;
				LD_RUNPATH_SEARCH_PATHS = "$(inherited) @executable_path/Frameworks";
				PRODUCT_BUNDLE_IDENTIFIER = Tima.HJPageView;
				PRODUCT_NAME = "$(TARGET_NAME)";
				SWIFT_VERSION = 3.0;
			};
			name = Release;
		};
/* End XCBuildConfiguration section */

/* Begin XCConfigurationList section */
		A3651B5E1EEE8C5600A71336 /* Build configuration list for PBXProject "HJPageView" */ = {
			isa = XCConfigurationList;
			buildConfigurations = (
				A3651B731EEE8C5600A71336 /* Debug */,
				A3651B741EEE8C5600A71336 /* Release */,
			);
			defaultConfigurationIsVisible = 0;
			defaultConfigurationName = Release;
		};
		A3651B751EEE8C5600A71336 /* Build configuration list for PBXNativeTarget "HJPageView" */ = {
			isa = XCConfigurationList;
			buildConfigurations = (
				A3651B761EEE8C5600A71336 /* Debug */,
				A3651B771EEE8C5600A71336 /* Release */,
			);
			defaultConfigurationIsVisible = 0;
		};
/* End XCConfigurationList section */
	};
	rootObject = A3651B5B1EEE8C5600A71336 /* Project object */;
}
